
Microsoft Visual Studio Solution File, Format Version 12.00
# Visual Studio 2013
VisualStudioVersion = 12.0.30110.0
MinimumVisualStudioVersion = 10.0.40219.1
Project("{2150E333-8FDC-42A3-9474-1A3956D46DE8}") = "Solution Items", "Solution Items", "{7855719C-BD97-40F3-BEF0-9B31B40CDB28}"
EndProject
Project("{FAE04EC0-301F-11D3-BF4B-00C04F79EFBC}") = "Bonobo.Irc", "Bonobo.Irc.Library\Bonobo.Irc.csproj", "{309CFC71-2DA0-458D-ACED-3335E9E0544F}"
EndProject
Project("{FAE04EC0-301F-11D3-BF4B-00C04F79EFBC}") = "Bonobo.Irc.Client", "Bonobo.Irc.Client\Bonobo.Irc.Client.csproj", "{5A345F01-31E4-407E-A5EF-0CCF831F40EC}"
EndProject
Project("{FAE04EC0-301F-11D3-BF4B-00C04F79EFBC}") = "Bonobo.Irc.Test", "Bonobo.Irc.Test\Bonobo.Irc.Test.csproj", "{BF81E822-A1A9-4959-BBF7-12D5A13041A3}"
EndProject
Global
	GlobalSection(SolutionConfigurationPlatforms) = preSolution
		Debug|Any CPU = Debug|Any CPU
		Release|Any CPU = Release|Any CPU
	EndGlobalSection
	GlobalSection(ProjectConfigurationPlatforms) = postSolution
		{309CFC71-2DA0-458D-ACED-3335E9E0544F}.Debug|Any CPU.ActiveCfg = Debug|Any CPU
		{309CFC71-2DA0-458D-ACED-3335E9E0544F}.Debug|Any CPU.Build.0 = Debug|Any CPU
		{309CFC71-2DA0-458D-ACED-3335E9E0544F}.Release|Any CPU.ActiveCfg = Release|Any CPU
		{309CFC71-2DA0-458D-ACED-3335E9E0544F}.Release|Any CPU.Build.0 = Release|Any CPU
		{5A345F01-31E4-407E-A5EF-0CCF831F40EC}.Debug|Any CPU.ActiveCfg = Debug|Any CPU
		{5A345F01-31E4-407E-A5EF-0CCF831F40EC}.Debug|Any CPU.Build.0 = Debug|Any CPU
		{5A345F01-31E4-407E-A5EF-0CCF831F40EC}.Release|Any CPU.ActiveCfg = Release|Any CPU
		{5A345F01-31E4-407E-A5EF-0CCF831F40EC}.Release|Any CPU.Build.0 = Release|Any CPU
		{BF81E822-A1A9-4959-BBF7-12D5A13041A3}.Debug|Any CPU.ActiveCfg = Debug|Any CPU
		{BF81E822-A1A9-4959-BBF7-12D5A13041A3}.Debug|Any CPU.Build.0 = Debug|Any CPU
		{BF81E822-A1A9-4959-BBF7-12D5A13041A3}.Release|Any CPU.ActiveCfg = Release|Any CPU
		{BF81E822-A1A9-4959-BBF7-12D5A13041A3}.Release|Any CPU.Build.0 = Release|Any CPU
	EndGlobalSection
	GlobalSection(SolutionProperties) = preSolution
		HideSolutionNode = FALSE
	EndGlobalSection
	GlobalSection(TestCaseManagementSettings) = postSolution
		CategoryFile = Bonobo.Irc3.vsmdi
	EndGlobalSection
EndGlobal
